
Microsoft Visual Studio Solution File, Format Version 12.00
# Visual Studio Version 17
VisualStudioVersion = 17.0.31903.59
MinimumVisualStudioVersion = 10.0.40219.1
Project("{2150E333-8FDC-42A3-9474-1A3956D46DE8}") = "src", "src", "{827E0CD3-B72D-47B6-A68D-7590B98EB39B}"
EndProject
Project("{FAE04EC0-301F-11D3-BF4B-00C04F79EFBC}") = "IdentityService.Shared", "src\IdentityService.Shared\IdentityService.Shared.csproj", "{63138C03-40D3-4C54-A5B3-9D6507471EA4}"
EndProject
Project("{2150E333-8FDC-42A3-9474-1A3956D46DE8}") = "tests", "tests", "{0AB3BF05-4346-4AA6-1389-037BE0695223}"
EndProject
Project("{FAE04EC0-301F-11D3-BF4B-00C04F79EFBC}") = "IdentityService.Shared.UnitTests", "tests\IdentityService.Shared.UnitTests\IdentityService.Shared.UnitTests.csproj", "{5976F0BD-290E-4689-B586-038D401ACAC1}"
EndProject
Project("{FAE04EC0-301F-11D3-BF4B-00C04F79EFBC}") = "IdentityService.CacheLayer", "src\IdentityService.CacheLayer\IdentityService.CacheLayer.csproj", "{C210FA2D-24A6-4744-AAE4-119DBC85E9F1}"
EndProject
Project("{FAE04EC0-301F-11D3-BF4B-00C04F79EFBC}") = "IdentityService.CacheLayer.UnitTests", "tests\IdentityService.CacheLayer.UnitTests\IdentityService.CacheLayer.UnitTests.csproj", "{9CEDE998-B4B1-41C2-A0C5-44ED893047D3}"
EndProject
Project("{FAE04EC0-301F-11D3-BF4B-00C04F79EFBC}") = "IdentityService.KeycloakAdapter", "src\IdentityService.KeycloakAdapter\IdentityService.KeycloakAdapter.csproj", "{46877CFB-1CE2-4108-A64F-991315CFE84D}"
EndProject
Project("{FAE04EC0-301F-11D3-BF4B-00C04F79EFBC}") = "IdentityService.KeycloakAdapter.UnitTests", "tests\IdentityService.KeycloakAdapter.UnitTests\IdentityService.KeycloakAdapter.UnitTests.csproj", "{F1DE16BC-25CD-48BA-A442-6AEB52DE16FB}"
EndProject
Project("{FAE04EC0-301F-11D3-BF4B-00C04F79EFBC}") = "IdentityService.Api.ReaderService", "src\IdentityService.Api.ReaderService\IdentityService.Api.ReaderService.csproj", "{D8FFF8EF-1D5D-4CEC-B427-807DD9BBD263}"
EndProject
Project("{FAE04EC0-301F-11D3-BF4B-00C04F79EFBC}") = "IdentityService.Api.WriterService", "src\IdentityService.Api.WriterService\IdentityService.Api.WriterService.csproj", "{3D5A79D4-8951-43E9-9426-19A6C379DE97}"
EndProject
Project("{FAE04EC0-301F-11D3-BF4B-00C04F79EFBC}") = "IdentityService.Api.ReaderService.UnitTests", "tests\IdentityService.Api.ReaderService.UnitTests\IdentityService.Api.ReaderService.UnitTests.csproj", "{796F9E70-F81D-4FC0-BA46-646933EB2B3A}"
EndProject
Project("{FAE04EC0-301F-11D3-BF4B-00C04F79EFBC}") = "IdentityService.Api.WriterService.UnitTests", "tests\IdentityService.Api.WriterService.UnitTests\IdentityService.Api.WriterService.UnitTests.csproj", "{117E39A3-4F62-4E7F-8D7E-A7C3DD555EE6}"
EndProject
Project("{FAE04EC0-301F-11D3-BF4B-00C04F79EFBC}") = "IdentityService.WorkerService", "src\IdentityService.WorkerService\IdentityService.WorkerService.csproj", "{A1B2C3D4-E5F6-7890-ABCD-EF1234567890}"
EndProject
Project("{FAE04EC0-301F-11D3-BF4B-00C04F79EFBC}") = "IdentityService.WorkerService.UnitTests", "tests\IdentityService.WorkerService.UnitTests\IdentityService.WorkerService.UnitTests.csproj", "{B2C3D4E5-F6A7-8901-BCDE-F12345678901}"
EndProject
Project("{FAE04EC0-301F-11D3-BF4B-00C04F79EFBC}") = "IdentityService.WorkerService.IntegrationTests", "tests\IdentityService.WorkerService.IntegrationTests\IdentityService.WorkerService.IntegrationTests.csproj", "{C3D4E5F6-A7B8-9012-CDEF-123456789012}"
EndProject
Global
	GlobalSection(SolutionConfigurationPlatforms) = preSolution
		Debug|Any CPU = Debug|Any CPU
		Debug|x64 = Debug|x64
		Debug|x86 = Debug|x86
		Release|Any CPU = Release|Any CPU
		Release|x64 = Release|x64
		Release|x86 = Release|x86
	EndGlobalSection
	GlobalSection(ProjectConfigurationPlatforms) = postSolution
		{63138C03-40D3-4C54-A5B3-9D6507471EA4}.Debug|Any CPU.ActiveCfg = Debug|Any CPU
		{63138C03-40D3-4C54-A5B3-9D6507471EA4}.Debug|Any CPU.Build.0 = Debug|Any CPU
		{63138C03-40D3-4C54-A5B3-9D6507471EA4}.Debug|x64.ActiveCfg = Debug|Any CPU
		{63138C03-40D3-4C54-A5B3-9D6507471EA4}.Debug|x64.Build.0 = Debug|Any CPU
		{63138C03-40D3-4C54-A5B3-9D6507471EA4}.Debug|x86.ActiveCfg = Debug|Any CPU
		{63138C03-40D3-4C54-A5B3-9D6507471EA4}.Debug|x86.Build.0 = Debug|Any CPU
		{63138C03-40D3-4C54-A5B3-9D6507471EA4}.Release|Any CPU.ActiveCfg = Release|Any CPU
		{63138C03-40D3-4C54-A5B3-9D6507471EA4}.Release|Any CPU.Build.0 = Release|Any CPU
		{63138C03-40D3-4C54-A5B3-9D6507471EA4}.Release|x64.ActiveCfg = Release|Any CPU
		{63138C03-40D3-4C54-A5B3-9D6507471EA4}.Release|x64.Build.0 = Release|Any CPU
		{63138C03-40D3-4C54-A5B3-9D6507471EA4}.Release|x86.ActiveCfg = Release|Any CPU
		{63138C03-40D3-4C54-A5B3-9D6507471EA4}.Release|x86.Build.0 = Release|Any CPU
		{5976F0BD-290E-4689-B586-038D401ACAC1}.Debug|Any CPU.ActiveCfg = Debug|Any CPU
		{5976F0BD-290E-4689-B586-038D401ACAC1}.Debug|Any CPU.Build.0 = Debug|Any CPU
		{5976F0BD-290E-4689-B586-038D401ACAC1}.Debug|x64.ActiveCfg = Debug|Any CPU
		{5976F0BD-290E-4689-B586-038D401ACAC1}.Debug|x64.Build.0 = Debug|Any CPU
		{5976F0BD-290E-4689-B586-038D401ACAC1}.Debug|x86.ActiveCfg = Debug|Any CPU
		{5976F0BD-290E-4689-B586-038D401ACAC1}.Debug|x86.Build.0 = Debug|Any CPU
		{5976F0BD-290E-4689-B586-038D401ACAC1}.Release|Any CPU.ActiveCfg = Release|Any CPU
		{5976F0BD-290E-4689-B586-038D401ACAC1}.Release|Any CPU.Build.0 = Release|Any CPU
		{5976F0BD-290E-4689-B586-038D401ACAC1}.Release|x64.ActiveCfg = Release|Any CPU
		{5976F0BD-290E-4689-B586-038D401ACAC1}.Release|x64.Build.0 = Release|Any CPU
		{5976F0BD-290E-4689-B586-038D401ACAC1}.Release|x86.ActiveCfg = Release|Any CPU
		{5976F0BD-290E-4689-B586-038D401ACAC1}.Release|x86.Build.0 = Release|Any CPU
		{C210FA2D-24A6-4744-AAE4-119DBC85E9F1}.Debug|Any CPU.ActiveCfg = Debug|Any CPU
		{C210FA2D-24A6-4744-AAE4-119DBC85E9F1}.Debug|Any CPU.Build.0 = Debug|Any CPU
		{C210FA2D-24A6-4744-AAE4-119DBC85E9F1}.Debug|x64.ActiveCfg = Debug|Any CPU
		{C210FA2D-24A6-4744-AAE4-119DBC85E9F1}.Debug|x64.Build.0 = Debug|Any CPU
		{C210FA2D-24A6-4744-AAE4-119DBC85E9F1}.Debug|x86.ActiveCfg = Debug|Any CPU
		{C210FA2D-24A6-4744-AAE4-119DBC85E9F1}.Debug|x86.Build.0 = Debug|Any CPU
		{C210FA2D-24A6-4744-AAE4-119DBC85E9F1}.Release|Any CPU.ActiveCfg = Release|Any CPU
		{C210FA2D-24A6-4744-AAE4-119DBC85E9F1}.Release|Any CPU.Build.0 = Release|Any CPU
		{C210FA2D-24A6-4744-AAE4-119DBC85E9F1}.Release|x64.ActiveCfg = Release|Any CPU
		{C210FA2D-24A6-4744-AAE4-119DBC85E9F1}.Release|x64.Build.0 = Release|Any CPU
		{C210FA2D-24A6-4744-AAE4-119DBC85E9F1}.Release|x86.ActiveCfg = Release|Any CPU
		{C210FA2D-24A6-4744-AAE4-119DBC85E9F1}.Release|x86.Build.0 = Release|Any CPU
		{9CEDE998-B4B1-41C2-A0C5-44ED893047D3}.Debug|Any CPU.ActiveCfg = Debug|Any CPU
		{9CEDE998-B4B1-41C2-A0C5-44ED893047D3}.Debug|Any CPU.Build.0 = Debug|Any CPU
		{9CEDE998-B4B1-41C2-A0C5-44ED893047D3}.Debug|x64.ActiveCfg = Debug|Any CPU
		{9CEDE998-B4B1-41C2-A0C5-44ED893047D3}.Debug|x64.Build.0 = Debug|Any CPU
		{9CEDE998-B4B1-41C2-A0C5-44ED893047D3}.Debug|x86.ActiveCfg = Debug|Any CPU
		{9CEDE998-B4B1-41C2-A0C5-44ED893047D3}.Debug|x86.Build.0 = Debug|Any CPU
		{9CEDE998-B4B1-41C2-A0C5-44ED893047D3}.Release|Any CPU.ActiveCfg = Release|Any CPU
		{9CEDE998-B4B1-41C2-A0C5-44ED893047D3}.Release|Any CPU.Build.0 = Release|Any CPU
		{9CEDE998-B4B1-41C2-A0C5-44ED893047D3}.Release|x64.ActiveCfg = Release|Any CPU
		{9CEDE998-B4B1-41C2-A0C5-44ED893047D3}.Release|x64.Build.0 = Release|Any CPU
		{9CEDE998-B4B1-41C2-A0C5-44ED893047D3}.Release|x86.ActiveCfg = Release|Any CPU
		{9CEDE998-B4B1-41C2-A0C5-44ED893047D3}.Release|x86.Build.0 = Release|Any CPU
		{46877CFB-1CE2-4108-A64F-991315CFE84D}.Debug|Any CPU.ActiveCfg = Debug|Any CPU
		{46877CFB-1CE2-4108-A64F-991315CFE84D}.Debug|Any CPU.Build.0 = Debug|Any CPU
		{46877CFB-1CE2-4108-A64F-991315CFE84D}.Debug|x64.ActiveCfg = Debug|Any CPU
		{46877CFB-1CE2-4108-A64F-991315CFE84D}.Debug|x64.Build.0 = Debug|Any CPU
		{46877CFB-1CE2-4108-A64F-991315CFE84D}.Debug|x86.ActiveCfg = Debug|Any CPU
		{46877CFB-1CE2-4108-A64F-991315CFE84D}.Debug|x86.Build.0 = Debug|Any CPU
		{46877CFB-1CE2-4108-A64F-991315CFE84D}.Release|Any CPU.ActiveCfg = Release|Any CPU
		{46877CFB-1CE2-4108-A64F-991315CFE84D}.Release|Any CPU.Build.0 = Release|Any CPU
		{46877CFB-1CE2-4108-A64F-991315CFE84D}.Release|x64.ActiveCfg = Release|Any CPU
		{46877CFB-1CE2-4108-A64F-991315CFE84D}.Release|x64.Build.0 = Release|Any CPU
		{46877CFB-1CE2-4108-A64F-991315CFE84D}.Release|x86.ActiveCfg = Release|Any CPU
		{46877CFB-1CE2-4108-A64F-991315CFE84D}.Release|x86.Build.0 = Release|Any CPU
		{F1DE16BC-25CD-48BA-A442-6AEB52DE16FB}.Debug|Any CPU.ActiveCfg = Debug|Any CPU
		{F1DE16BC-25CD-48BA-A442-6AEB52DE16FB}.Debug|Any CPU.Build.0 = Debug|Any CPU
		{F1DE16BC-25CD-48BA-A442-6AEB52DE16FB}.Debug|x64.ActiveCfg = Debug|Any CPU
		{F1DE16BC-25CD-48BA-A442-6AEB52DE16FB}.Debug|x64.Build.0 = Debug|Any CPU
		{F1DE16BC-25CD-48BA-A442-6AEB52DE16FB}.Debug|x86.ActiveCfg = Debug|Any CPU
		{F1DE16BC-25CD-48BA-A442-6AEB52DE16FB}.Debug|x86.Build.0 = Debug|Any CPU
		{F1DE16BC-25CD-48BA-A442-6AEB52DE16FB}.Release|Any CPU.ActiveCfg = Release|Any CPU
		{F1DE16BC-25CD-48BA-A442-6AEB52DE16FB}.Release|Any CPU.Build.0 = Release|Any CPU
		{F1DE16BC-25CD-48BA-A442-6AEB52DE16FB}.Release|x64.ActiveCfg = Release|Any CPU
		{F1DE16BC-25CD-48BA-A442-6AEB52DE16FB}.Release|x64.Build.0 = Release|Any CPU
		{F1DE16BC-25CD-48BA-A442-6AEB52DE16FB}.Release|x86.ActiveCfg = Release|Any CPU
		{F1DE16BC-25CD-48BA-A442-6AEB52DE16FB}.Release|x86.Build.0 = Release|Any CPU
		{D8FFF8EF-1D5D-4CEC-B427-807DD9BBD263}.Debug|Any CPU.ActiveCfg = Debug|Any CPU
		{D8FFF8EF-1D5D-4CEC-B427-807DD9BBD263}.Debug|Any CPU.Build.0 = Debug|Any CPU
		{D8FFF8EF-1D5D-4CEC-B427-807DD9BBD263}.Debug|x64.ActiveCfg = Debug|Any CPU
		{D8FFF8EF-1D5D-4CEC-B427-807DD9BBD263}.Debug|x64.Build.0 = Debug|Any CPU
		{D8FFF8EF-1D5D-4CEC-B427-807DD9BBD263}.Debug|x86.ActiveCfg = Debug|Any CPU
		{D8FFF8EF-1D5D-4CEC-B427-807DD9BBD263}.Debug|x86.Build.0 = Debug|Any CPU
		{D8FFF8EF-1D5D-4CEC-B427-807DD9BBD263}.Release|Any CPU.ActiveCfg = Release|Any CPU
		{D8FFF8EF-1D5D-4CEC-B427-807DD9BBD263}.Release|Any CPU.Build.0 = Release|Any CPU
		{D8FFF8EF-1D5D-4CEC-B427-807DD9BBD263}.Release|x64.ActiveCfg = Release|Any CPU
		{D8FFF8EF-1D5D-4CEC-B427-807DD9BBD263}.Release|x64.Build.0 = Release|Any CPU
		{D8FFF8EF-1D5D-4CEC-B427-807DD9BBD263}.Release|x86.ActiveCfg = Release|Any CPU
		{D8FFF8EF-1D5D-4CEC-B427-807DD9BBD263}.Release|x86.Build.0 = Release|Any CPU
		{3D5A79D4-8951-43E9-9426-19A6C379DE97}.Debug|Any CPU.ActiveCfg = Debug|Any CPU
		{3D5A79D4-8951-43E9-9426-19A6C379DE97}.Debug|Any CPU.Build.0 = Debug|Any CPU
		{3D5A79D4-8951-43E9-9426-19A6C379DE97}.Debug|x64.ActiveCfg = Debug|Any CPU
		{3D5A79D4-8951-43E9-9426-19A6C379DE97}.Debug|x64.Build.0 = Debug|Any CPU
		{3D5A79D4-8951-43E9-9426-19A6C379DE97}.Debug|x86.ActiveCfg = Debug|Any CPU
		{3D5A79D4-8951-43E9-9426-19A6C379DE97}.Debug|x86.Build.0 = Debug|Any CPU
		{3D5A79D4-8951-43E9-9426-19A6C379DE97}.Release|Any CPU.ActiveCfg = Release|Any CPU
		{3D5A79D4-8951-43E9-9426-19A6C379DE97}.Release|Any CPU.Build.0 = Release|Any CPU
		{3D5A79D4-8951-43E9-9426-19A6C379DE97}.Release|x64.ActiveCfg = Release|Any CPU
		{3D5A79D4-8951-43E9-9426-19A6C379DE97}.Release|x64.Build.0 = Release|Any CPU
		{3D5A79D4-8951-43E9-9426-19A6C379DE97}.Release|x86.ActiveCfg = Release|Any CPU
		{3D5A79D4-8951-43E9-9426-19A6C379DE97}.Release|x86.Build.0 = Release|Any CPU
		{796F9E70-F81D-4FC0-BA46-646933EB2B3A}.Debug|Any CPU.ActiveCfg = Debug|Any CPU
		{796F9E70-F81D-4FC0-BA46-646933EB2B3A}.Debug|Any CPU.Build.0 = Debug|Any CPU
		{796F9E70-F81D-4FC0-BA46-646933EB2B3A}.Debug|x64.ActiveCfg = Debug|Any CPU
		{796F9E70-F81D-4FC0-BA46-646933EB2B3A}.Debug|x64.Build.0 = Debug|Any CPU
		{796F9E70-F81D-4FC0-BA46-646933EB2B3A}.Debug|x86.ActiveCfg = Debug|Any CPU
		{796F9E70-F81D-4FC0-BA46-646933EB2B3A}.Debug|x86.Build.0 = Debug|Any CPU
		{796F9E70-F81D-4FC0-BA46-646933EB2B3A}.Release|Any CPU.ActiveCfg = Release|Any CPU
		{796F9E70-F81D-4FC0-BA46-646933EB2B3A}.Release|Any CPU.Build.0 = Release|Any CPU
		{796F9E70-F81D-4FC0-BA46-646933EB2B3A}.Release|x64.ActiveCfg = Release|Any CPU
		{796F9E70-F81D-4FC0-BA46-646933EB2B3A}.Release|x64.Build.0 = Release|Any CPU
		{796F9E70-F81D-4FC0-BA46-646933EB2B3A}.Release|x86.ActiveCfg = Release|Any CPU
		{796F9E70-F81D-4FC0-BA46-646933EB2B3A}.Release|x86.Build.0 = Release|Any CPU
		{117E39A3-4F62-4E7F-8D7E-A7C3DD555EE6}.Debug|Any CPU.ActiveCfg = Debug|Any CPU
		{117E39A3-4F62-4E7F-8D7E-A7C3DD555EE6}.Debug|Any CPU.Build.0 = Debug|Any CPU
		{117E39A3-4F62-4E7F-8D7E-A7C3DD555EE6}.Debug|x64.ActiveCfg = Debug|Any CPU
		{117E39A3-4F62-4E7F-8D7E-A7C3DD555EE6}.Debug|x64.Build.0 = Debug|Any CPU
		{117E39A3-4F62-4E7F-8D7E-A7C3DD555EE6}.Debug|x86.ActiveCfg = Debug|Any CPU
		{117E39A3-4F62-4E7F-8D7E-A7C3DD555EE6}.Debug|x86.Build.0 = Debug|Any CPU
		{117E39A3-4F62-4E7F-8D7E-A7C3DD555EE6}.Release|Any CPU.ActiveCfg = Release|Any CPU
		{117E39A3-4F62-4E7F-8D7E-A7C3DD555EE6}.Release|Any CPU.Build.0 = Release|Any CPU
		{117E39A3-4F62-4E7F-8D7E-A7C3DD555EE6}.Release|x64.ActiveCfg = Release|Any CPU
		{117E39A3-4F62-4E7F-8D7E-A7C3DD555EE6}.Release|x64.Build.0 = Release|Any CPU
		{117E39A3-4F62-4E7F-8D7E-A7C3DD555EE6}.Release|x86.ActiveCfg = Release|Any CPU
		{117E39A3-4F62-4E7F-8D7E-A7C3DD555EE6}.Release|x86.Build.0 = Release|Any CPU
		{A1B2C3D4-E5F6-7890-ABCD-EF1234567890}.Debug|Any CPU.ActiveCfg = Debug|Any CPU
		{A1B2C3D4-E5F6-7890-ABCD-EF1234567890}.Debug|Any CPU.Build.0 = Debug|Any CPU
		{A1B2C3D4-E5F6-7890-ABCD-EF1234567890}.Debug|x64.ActiveCfg = Debug|Any CPU
		{A1B2C3D4-E5F6-7890-ABCD-EF1234567890}.Debug|x64.Build.0 = Debug|Any CPU
		{A1B2C3D4-E5F6-7890-ABCD-EF1234567890}.Debug|x86.ActiveCfg = Debug|Any CPU
		{A1B2C3D4-E5F6-7890-ABCD-EF1234567890}.Debug|x86.Build.0 = Debug|Any CPU
		{A1B2C3D4-E5F6-7890-ABCD-EF1234567890}.Release|Any CPU.ActiveCfg = Release|Any CPU
		{A1B2C3D4-E5F6-7890-ABCD-EF1234567890}.Release|Any CPU.Build.0 = Release|Any CPU
		{A1B2C3D4-E5F6-7890-ABCD-EF1234567890}.Release|x64.ActiveCfg = Release|Any CPU
		{A1B2C3D4-E5F6-7890-ABCD-EF1234567890}.Release|x64.Build.0 = Release|Any CPU
		{A1B2C3D4-E5F6-7890-ABCD-EF1234567890}.Release|x86.ActiveCfg = Release|Any CPU
		{A1B2C3D4-E5F6-7890-ABCD-EF1234567890}.Release|x86.Build.0 = Release|Any CPU
		{B2C3D4E5-F6A7-8901-BCDE-F12345678901}.Debug|Any CPU.ActiveCfg = Debug|Any CPU
		{B2C3D4E5-F6A7-8901-BCDE-F12345678901}.Debug|Any CPU.Build.0 = Debug|Any CPU
		{B2C3D4E5-F6A7-8901-BCDE-F12345678901}.Debug|x64.ActiveCfg = Debug|Any CPU
		{B2C3D4E5-F6A7-8901-BCDE-F12345678901}.Debug|x64.Build.0 = Debug|Any CPU
		{B2C3D4E5-F6A7-8901-BCDE-F12345678901}.Debug|x86.ActiveCfg = Debug|Any CPU
		{B2C3D4E5-F6A7-8901-BCDE-F12345678901}.Debug|x86.Build.0 = Debug|Any CPU
		{B2C3D4E5-F6A7-8901-BCDE-F12345678901}.Release|Any CPU.ActiveCfg = Release|Any CPU
		{B2C3D4E5-F6A7-8901-BCDE-F12345678901}.Release|Any CPU.Build.0 = Release|Any CPU
		{B2C3D4E5-F6A7-8901-BCDE-F12345678901}.Release|x64.ActiveCfg = Release|Any CPU
		{B2C3D4E5-F6A7-8901-BCDE-F12345678901}.Release|x64.Build.0 = Release|Any CPU
		{B2C3D4E5-F6A7-8901-BCDE-F12345678901}.Release|x86.ActiveCfg = Release|Any CPU
		{B2C3D4E5-F6A7-8901-BCDE-F12345678901}.Release|x86.Build.0 = Release|Any CPU
		{C3D4E5F6-A7B8-9012-CDEF-123456789012}.Debug|Any CPU.ActiveCfg = Debug|Any CPU
		{C3D4E5F6-A7B8-9012-CDEF-123456789012}.Debug|Any CPU.Build.0 = Debug|Any CPU
		{C3D4E5F6-A7B8-9012-CDEF-123456789012}.Debug|x64.ActiveCfg = Debug|Any CPU
		{C3D4E5F6-A7B8-9012-CDEF-123456789012}.Debug|x64.Build.0 = Debug|Any CPU
		{C3D4E5F6-A7B8-9012-CDEF-123456789012}.Debug|x86.ActiveCfg = Debug|Any CPU
		{C3D4E5F6-A7B8-9012-CDEF-123456789012}.Debug|x86.Build.0 = Debug|Any CPU
		{C3D4E5F6-A7B8-9012-CDEF-123456789012}.Release|Any CPU.ActiveCfg = Release|Any CPU
		{C3D4E5F6-A7B8-9012-CDEF-123456789012}.Release|Any CPU.Build.0 = Release|Any CPU
		{C3D4E5F6-A7B8-9012-CDEF-123456789012}.Release|x64.ActiveCfg = Release|Any CPU
		{C3D4E5F6-A7B8-9012-CDEF-123456789012}.Release|x64.Build.0 = Release|Any CPU
		{C3D4E5F6-A7B8-9012-CDEF-123456789012}.Release|x86.ActiveCfg = Release|Any CPU
		{C3D4E5F6-A7B8-9012-CDEF-123456789012}.Release|x86.Build.0 = Release|Any CPU
	EndGlobalSection
	GlobalSection(SolutionProperties) = preSolution
		HideSolutionNode = FALSE
	EndGlobalSection
	GlobalSection(NestedProjects) = preSolution
		{63138C03-40D3-4C54-A5B3-9D6507471EA4} = {827E0CD3-B72D-47B6-A68D-7590B98EB39B}
		{5976F0BD-290E-4689-B586-038D401ACAC1} = {0AB3BF05-4346-4AA6-1389-037BE0695223}
		{C210FA2D-24A6-4744-AAE4-119DBC85E9F1} = {827E0CD3-B72D-47B6-A68D-7590B98EB39B}
		{9CEDE998-B4B1-41C2-A0C5-44ED893047D3} = {0AB3BF05-4346-4AA6-1389-037BE0695223}
		{46877CFB-1CE2-4108-A64F-991315CFE84D} = {827E0CD3-B72D-47B6-A68D-7590B98EB39B}
		{F1DE16BC-25CD-48BA-A442-6AEB52DE16FB} = {0AB3BF05-4346-4AA6-1389-037BE0695223}
		{D8FFF8EF-1D5D-4CEC-B427-807DD9BBD263} = {827E0CD3-B72D-47B6-A68D-7590B98EB39B}
		{3D5A79D4-8951-43E9-9426-19A6C379DE97} = {827E0CD3-B72D-47B6-A68D-7590B98EB39B}
		{796F9E70-F81D-4FC0-BA46-646933EB2B3A} = {0AB3BF05-4346-4AA6-1389-037BE0695223}
		{117E39A3-4F62-4E7F-8D7E-A7C3DD555EE6} = {0AB3BF05-4346-4AA6-1389-037BE0695223}
		{A1B2C3D4-E5F6-7890-ABCD-EF1234567890} = {827E0CD3-B72D-47B6-A68D-7590B98EB39B}
		{B2C3D4E5-F6A7-8901-BCDE-F12345678901} = {0AB3BF05-4346-4AA6-1389-037BE0695223}
		{C3D4E5F6-A7B8-9012-CDEF-123456789012} = {0AB3BF05-4346-4AA6-1389-037BE0695223}
	EndGlobalSection
EndGlobal
